
Microsoft Visual Studio Solution File, Format Version 12.00
# Visual Studio Version 17
VisualStudioVersion = 17.5.002.0
MinimumVisualStudioVersion = 10.0.40219.1
Project("{9A19103F-16F7-4668-BE54-9A1E7A4F7556}") = "homework", "homework.csproj", "{50940E94-EB1F-4FD2-B8E7-C0603047127F}"
EndProject
Global
	GlobalSection(SolutionConfigurationPlatforms) = preSolution
		Debug|Any CPU = Debug|Any CPU
		Release|Any CPU = Release|Any CPU
	EndGlobalSection
	GlobalSection(ProjectConfigurationPlatforms) = postSolution
		{50940E94-EB1F-4FD2-B8E7-C0603047127F}.Debug|Any CPU.ActiveCfg = Debug|Any CPU
		{50940E94-EB1F-4FD2-B8E7-C0603047127F}.Debug|Any CPU.Build.0 = Debug|Any CPU
		{50940E94-EB1F-4FD2-B8E7-C0603047127F}.Release|Any CPU.ActiveCfg = Release|Any CPU
		{50940E94-EB1F-4FD2-B8E7-C0603047127F}.Release|Any CPU.Build.0 = Release|Any CPU
	EndGlobalSection
	GlobalSection(SolutionProperties) = preSolution
		HideSolutionNode = FALSE
	EndGlobalSection
	GlobalSection(ExtensibilityGlobals) = postSolution
		SolutionGuid = {9333DF44-FB51-4F19-89EE-01FE017A0A34}
	EndGlobalSection
EndGlobal
